// !$*UTF8*$!
{
	archiveVersion = 1;
	classes = {
	};
	objectVersion = 45;
	objects = {

/* Begin PBXBuildFile section */
		1DDD58160DA1D0A300B32029 /* MainMenu.xib in Resources */ = {isa = PBXBuildFile; fileRef = 1DDD58140DA1D0A300B32029 /* MainMenu.xib */; };
		256AC3DA0F4B6AC300CF3369 /* AssetViewerAppDelegate.mm in Sources */ = {isa = PBXBuildFile; fileRef = 256AC3D90F4B6AC300CF3369 /* AssetViewerAppDelegate.mm */; };
		4A2000A711C190C600CDF3BA /* MDLReaderPolicy.cpp in Sources */ = {isa = PBXBuildFile; fileRef = 4A2000A511C190C600CDF3BA /* MDLReaderPolicy.cpp */; };
		4A49957E11C0C1C100ADB4BB /* OpenGL.framework in Frameworks */ = {isa = PBXBuildFile; fileRef = 4A49957D11C0C1C100ADB4BB /* OpenGL.framework */; };
		4A4995A711C0C24700ADB4BB /* AssetViewerOpenGLView.mm in Sources */ = {isa = PBXBuildFile; fileRef = 4A4995A611C0C24700ADB4BB /* AssetViewerOpenGLView.mm */; };
		4A4995E811C0CDFB00ADB4BB /* MainMenuController.mm in Sources */ = {isa = PBXBuildFile; fileRef = 4A4995E711C0CDFB00ADB4BB /* MainMenuController.mm */; };
		4AB6F74E11D549610005ECA4 /* InfoController.mm in Sources */ = {isa = PBXBuildFile; fileRef = 4AB6F74D11D549610005ECA4 /* InfoController.mm */; };
		4AB861B411D27ED9009FD518 /* TagInfoController.m in Sources */ = {isa = PBXBuildFile; fileRef = 4AB861B311D27ED9009FD518 /* TagInfoController.m */; };
		4ACB464311E3EA9800584AA6 /* AVOpenGLModel.mm in Sources */ = {isa = PBXBuildFile; fileRef = 4ACB464211E3EA9800584AA6 /* AVOpenGLModel.mm */; };
		4ACB4E3811E5220800584AA6 /* Shader.cpp in Sources */ = {isa = PBXBuildFile; fileRef = 4ACB4E3711E5220800584AA6 /* Shader.cpp */; };
		4ACB4E6B11E52C2A00584AA6 /* stdLightVertex.glsl in Resources */ = {isa = PBXBuildFile; fileRef = 4ACB4E4311E5290A00584AA6 /* stdLightVertex.glsl */; };
		4ACB4E6C11E52C3400584AA6 /* stdLightFragment.glsl in Resources */ = {isa = PBXBuildFile; fileRef = 4ACB4E4411E5291700584AA6 /* stdLightFragment.glsl */; };
		4AF11AE211E3D6C500732588 /* CoreVideo.framework in Frameworks */ = {isa = PBXBuildFile; fileRef = 4AF11AE111E3D6C500732588 /* CoreVideo.framework */; };
		8D11072B0486CEB800E47090 /* InfoPlist.strings in Resources */ = {isa = PBXBuildFile; fileRef = 089C165CFE840E0CC02AAC07 /* InfoPlist.strings */; };
		8D11072D0486CEB800E47090 /* main.mm in Sources */ = {isa = PBXBuildFile; fileRef = 29B97316FDCFA39411CA2CEA /* main.mm */; settings = {ATTRIBUTES = (); }; };
		8D11072F0486CEB800E47090 /* Cocoa.framework in Frameworks */ = {isa = PBXBuildFile; fileRef = 1058C7A1FEA54F0111CA2CBB /* Cocoa.framework */; };
/* End PBXBuildFile section */

/* Begin PBXFileReference section */
		089C165DFE840E0CC02AAC07 /* English */ = {isa = PBXFileReference; fileEncoding = 4; lastKnownFileType = text.plist.strings; name = English; path = English.lproj/InfoPlist.strings; sourceTree = "<group>"; };
		1058C7A1FEA54F0111CA2CBB /* Cocoa.framework */ = {isa = PBXFileReference; lastKnownFileType = wrapper.framework; name = Cocoa.framework; path = /System/Library/Frameworks/Cocoa.framework; sourceTree = "<absolute>"; };
		13E42FB307B3F0F600E4EEF1 /* CoreData.framework */ = {isa = PBXFileReference; lastKnownFileType = wrapper.framework; name = CoreData.framework; path = /System/Library/Frameworks/CoreData.framework; sourceTree = "<absolute>"; };
		1DDD58150DA1D0A300B32029 /* English */ = {isa = PBXFileReference; lastKnownFileType = file.xib; name = English; path = English.lproj/MainMenu.xib; sourceTree = "<group>"; };
		256AC3D80F4B6AC300CF3369 /* AssetViewerAppDelegate.h */ = {isa = PBXFileReference; fileEncoding = 4; lastKnownFileType = sourcecode.c.h; path = AssetViewerAppDelegate.h; sourceTree = "<group>"; };
		256AC3D90F4B6AC300CF3369 /* AssetViewerAppDelegate.mm */ = {isa = PBXFileReference; fileEncoding = 4; lastKnownFileType = sourcecode.cpp.objcpp; path = AssetViewerAppDelegate.mm; sourceTree = "<group>"; };
		256AC3F00F4B6AF500CF3369 /* MocoViewer_Prefix.pch */ = {isa = PBXFileReference; fileEncoding = 4; lastKnownFileType = sourcecode.c.h; path = MocoViewer_Prefix.pch; sourceTree = "<group>"; };
		29B97316FDCFA39411CA2CEA /* main.mm */ = {isa = PBXFileReference; fileEncoding = 4; lastKnownFileType = sourcecode.cpp.objcpp; path = main.mm; sourceTree = "<group>"; };
		29B97324FDCFA39411CA2CEA /* AppKit.framework */ = {isa = PBXFileReference; lastKnownFileType = wrapper.framework; name = AppKit.framework; path = /System/Library/Frameworks/AppKit.framework; sourceTree = "<absolute>"; };
		29B97325FDCFA39411CA2CEA /* Foundation.framework */ = {isa = PBXFileReference; lastKnownFileType = wrapper.framework; name = Foundation.framework; path = /System/Library/Frameworks/Foundation.framework; sourceTree = "<absolute>"; };
		4A2000A411C190C600CDF3BA /* MDL3_Conts.h */ = {isa = PBXFileReference; fileEncoding = 4; lastKnownFileType = sourcecode.c.h; path = MDL3_Conts.h; sourceTree = "<group>"; };
		4A2000A511C190C600CDF3BA /* MDLReaderPolicy.cpp */ = {isa = PBXFileReference; fileEncoding = 4; lastKnownFileType = sourcecode.cpp.cpp; path = MDLReaderPolicy.cpp; sourceTree = "<group>"; };
		4A2000A611C190C600CDF3BA /* MDLReaderPolicy.h */ = {isa = PBXFileReference; fileEncoding = 4; lastKnownFileType = sourcecode.c.h; path = MDLReaderPolicy.h; sourceTree = "<group>"; };
		4A49957D11C0C1C100ADB4BB /* OpenGL.framework */ = {isa = PBXFileReference; lastKnownFileType = wrapper.framework; name = OpenGL.framework; path = System/Library/Frameworks/OpenGL.framework; sourceTree = SDKROOT; };
		4A4995A511C0C24700ADB4BB /* AssetViewerOpenGLView.h */ = {isa = PBXFileReference; fileEncoding = 4; lastKnownFileType = sourcecode.c.h; path = AssetViewerOpenGLView.h; sourceTree = "<group>"; };
		4A4995A611C0C24700ADB4BB /* AssetViewerOpenGLView.mm */ = {isa = PBXFileReference; fileEncoding = 4; lastKnownFileType = sourcecode.cpp.objcpp; path = AssetViewerOpenGLView.mm; sourceTree = "<group>"; };
		4A4995E611C0CDFB00ADB4BB /* MainMenuController.h */ = {isa = PBXFileReference; fileEncoding = 4; lastKnownFileType = sourcecode.c.h; path = MainMenuController.h; sourceTree = "<group>"; };
		4A4995E711C0CDFB00ADB4BB /* MainMenuController.mm */ = {isa = PBXFileReference; fileEncoding = 4; lastKnownFileType = sourcecode.cpp.objcpp; path = MainMenuController.mm; sourceTree = "<group>"; };
		4A6E536411E64410009433ED /* flatVertex.glsl */ = {isa = PBXFileReference; fileEncoding = 4; lastKnownFileType = text; path = flatVertex.glsl; sourceTree = "<group>"; };
		4A6E536611E6456B009433ED /* flatFragment.glsl */ = {isa = PBXFileReference; fileEncoding = 4; lastKnownFileType = text; path = flatFragment.glsl; sourceTree = "<group>"; };
		4AB6F74C11D549610005ECA4 /* InfoController.h */ = {isa = PBXFileReference; fileEncoding = 4; lastKnownFileType = sourcecode.c.h; path = InfoController.h; sourceTree = "<group>"; };
		4AB6F74D11D549610005ECA4 /* InfoController.mm */ = {isa = PBXFileReference; fileEncoding = 4; lastKnownFileType = sourcecode.cpp.objcpp; path = InfoController.mm; sourceTree = "<group>"; };
		4AB861B211D27ED9009FD518 /* TagInfoController.h */ = {isa = PBXFileReference; fileEncoding = 4; lastKnownFileType = sourcecode.c.h; path = TagInfoController.h; sourceTree = "<group>"; };
		4AB861B311D27ED9009FD518 /* TagInfoController.m */ = {isa = PBXFileReference; fileEncoding = 4; lastKnownFileType = sourcecode.c.objc; path = TagInfoController.m; sourceTree = "<group>"; };
		4ACB464111E3EA9800584AA6 /* AVOpenGLModel.h */ = {isa = PBXFileReference; fileEncoding = 4; lastKnownFileType = sourcecode.c.h; path = AVOpenGLModel.h; sourceTree = "<group>"; };
		4ACB464211E3EA9800584AA6 /* AVOpenGLModel.mm */ = {isa = PBXFileReference; fileEncoding = 4; lastKnownFileType = sourcecode.cpp.objcpp; path = AVOpenGLModel.mm; sourceTree = "<group>"; };
		4ACB4E3611E5220800584AA6 /* Shader.h */ = {isa = PBXFileReference; fileEncoding = 4; lastKnownFileType = sourcecode.c.h; path = Shader.h; sourceTree = "<group>"; };
		4ACB4E3711E5220800584AA6 /* Shader.cpp */ = {isa = PBXFileReference; fileEncoding = 4; lastKnownFileType = sourcecode.cpp.cpp; path = Shader.cpp; sourceTree = "<group>"; };
		4ACB4E4311E5290A00584AA6 /* stdLightVertex.glsl */ = {isa = PBXFileReference; fileEncoding = 4; lastKnownFileType = text; path = stdLightVertex.glsl; sourceTree = "<group>"; };
		4ACB4E4411E5291700584AA6 /* stdLightFragment.glsl */ = {isa = PBXFileReference; fileEncoding = 4; lastKnownFileType = text; path = stdLightFragment.glsl; sourceTree = "<group>"; };
		4AF11AE111E3D6C500732588 /* CoreVideo.framework */ = {isa = PBXFileReference; lastKnownFileType = wrapper.framework; name = CoreVideo.framework; path = System/Library/Frameworks/CoreVideo.framework; sourceTree = SDKROOT; };
		8D1107310486CEB800E47090 /* MocoViewer-Info.plist */ = {isa = PBXFileReference; fileEncoding = 4; lastKnownFileType = text.plist.xml; path = "MocoViewer-Info.plist"; sourceTree = "<group>"; };
		8D1107320486CEB800E47090 /* MocoViewer.app */ = {isa = PBXFileReference; explicitFileType = wrapper.application; includeInIndex = 0; path = MocoViewer.app; sourceTree = BUILT_PRODUCTS_DIR; };
/* End PBXFileReference section */

/* Begin PBXFrameworksBuildPhase section */
		8D11072E0486CEB800E47090 /* Frameworks */ = {
			isa = PBXFrameworksBuildPhase;
			buildActionMask = 2147483647;
			files = (
				8D11072F0486CEB800E47090 /* Cocoa.framework in Frameworks */,
				4A49957E11C0C1C100ADB4BB /* OpenGL.framework in Frameworks */,
				4AF11AE211E3D6C500732588 /* CoreVideo.framework in Frameworks */,
			);
			runOnlyForDeploymentPostprocessing = 0;
		};
/* End PBXFrameworksBuildPhase section */

/* Begin PBXGroup section */
		080E96DDFE201D6D7F000001 /* Classes */ = {
			isa = PBXGroup;
			children = (
				4A2000A911C190D400CDF3BA /* ObjC */,
				4A2000A811C190CB00CDF3BA /* Cpp */,
				8D1107310486CEB800E47090 /* MocoViewer-Info.plist */,
			);
			name = Classes;
			sourceTree = "<group>";
		};
		1058C7A0FEA54F0111CA2CBB /* Linked Frameworks */ = {
			isa = PBXGroup;
			children = (
				1058C7A1FEA54F0111CA2CBB /* Cocoa.framework */,
			);
			name = "Linked Frameworks";
			sourceTree = "<group>";
		};
		1058C7A2FEA54F0111CA2CBB /* Other Frameworks */ = {
			isa = PBXGroup;
			children = (
				4A49957D11C0C1C100ADB4BB /* OpenGL.framework */,
				29B97324FDCFA39411CA2CEA /* AppKit.framework */,
				13E42FB307B3F0F600E4EEF1 /* CoreData.framework */,
				29B97325FDCFA39411CA2CEA /* Foundation.framework */,
			);
			name = "Other Frameworks";
			sourceTree = "<group>";
		};
		19C28FACFE9D520D11CA2CBB /* Products */ = {
			isa = PBXGroup;
			children = (
				8D1107320486CEB800E47090 /* MocoViewer.app */,
			);
			name = Products;
			sourceTree = "<group>";
		};
		29B97314FDCFA39411CA2CEA /* AssetViewer */ = {
			isa = PBXGroup;
			children = (
				080E96DDFE201D6D7F000001 /* Classes */,
				29B97315FDCFA39411CA2CEA /* Other Sources */,
				29B97317FDCFA39411CA2CEA /* Resources */,
				29B97323FDCFA39411CA2CEA /* Frameworks */,
				19C28FACFE9D520D11CA2CBB /* Products */,
				4AF11AE111E3D6C500732588 /* CoreVideo.framework */,
			);
			name = AssetViewer;
			sourceTree = "<group>";
		};
		29B97315FDCFA39411CA2CEA /* Other Sources */ = {
			isa = PBXGroup;
			children = (
				256AC3F00F4B6AF500CF3369 /* MocoViewer_Prefix.pch */,
				29B97316FDCFA39411CA2CEA /* main.mm */,
			);
			name = "Other Sources";
			sourceTree = "<group>";
		};
		29B97317FDCFA39411CA2CEA /* Resources */ = {
			isa = PBXGroup;
			children = (
				089C165CFE840E0CC02AAC07 /* InfoPlist.strings */,
				1DDD58140DA1D0A300B32029 /* MainMenu.xib */,
				4ACB4E4311E5290A00584AA6 /* stdLightVertex.glsl */,
				4ACB4E4411E5291700584AA6 /* stdLightFragment.glsl */,
				4A6E536411E64410009433ED /* flatVertex.glsl */,
				4A6E536611E6456B009433ED /* flatFragment.glsl */,
			);
			name = Resources;
			sourceTree = "<group>";
		};
		29B97323FDCFA39411CA2CEA /* Frameworks */ = {
			isa = PBXGroup;
			children = (
				1058C7A0FEA54F0111CA2CBB /* Linked Frameworks */,
				1058C7A2FEA54F0111CA2CBB /* Other Frameworks */,
			);
			name = Frameworks;
			sourceTree = "<group>";
		};
		4A2000A811C190CB00CDF3BA /* Cpp */ = {
			isa = PBXGroup;
			children = (
				4A2000A411C190C600CDF3BA /* MDL3_Conts.h */,
				4A2000A511C190C600CDF3BA /* MDLReaderPolicy.cpp */,
				4A2000A611C190C600CDF3BA /* MDLReaderPolicy.h */,
				4ACB4E3611E5220800584AA6 /* Shader.h */,
				4ACB4E3711E5220800584AA6 /* Shader.cpp */,
			);
			name = Cpp;
			sourceTree = "<group>";
		};
		4A2000A911C190D400CDF3BA /* ObjC */ = {
			isa = PBXGroup;
			children = (
				256AC3D80F4B6AC300CF3369 /* AssetViewerAppDelegate.h */,
				256AC3D90F4B6AC300CF3369 /* AssetViewerAppDelegate.mm */,
				4A4995A511C0C24700ADB4BB /* AssetViewerOpenGLView.h */,
				4A4995A611C0C24700ADB4BB /* AssetViewerOpenGLView.mm */,
				4A4995E611C0CDFB00ADB4BB /* MainMenuController.h */,
				4A4995E711C0CDFB00ADB4BB /* MainMenuController.mm */,
				4AB861B211D27ED9009FD518 /* TagInfoController.h */,
				4AB861B311D27ED9009FD518 /* TagInfoController.m */,
				4AB6F74C11D549610005ECA4 /* InfoController.h */,
				4AB6F74D11D549610005ECA4 /* InfoController.mm */,
				4ACB464111E3EA9800584AA6 /* AVOpenGLModel.h */,
				4ACB464211E3EA9800584AA6 /* AVOpenGLModel.mm */,
			);
			name = ObjC;
			sourceTree = "<group>";
		};
/* End PBXGroup section */

/* Begin PBXNativeTarget section */
		8D1107260486CEB800E47090 /* MocoViewer */ = {
			isa = PBXNativeTarget;
			buildConfigurationList = C01FCF4A08A954540054247B /* Build configuration list for PBXNativeTarget "MocoViewer" */;
			buildPhases = (
				8D1107290486CEB800E47090 /* Resources */,
				8D11072C0486CEB800E47090 /* Sources */,
				8D11072E0486CEB800E47090 /* Frameworks */,
			);
			buildRules = (
			);
			dependencies = (
			);
			name = MocoViewer;
			productInstallPath = "$(HOME)/Applications";
			productName = AssetViewer;
			productReference = 8D1107320486CEB800E47090 /* MocoViewer.app */;
			productType = "com.apple.product-type.application";
		};
/* End PBXNativeTarget section */

/* Begin PBXProject section */
		29B97313FDCFA39411CA2CEA /* Project object */ = {
			isa = PBXProject;
			buildConfigurationList = C01FCF4E08A954540054247B /* Build configuration list for PBXProject "MocoViewer" */;
			compatibilityVersion = "Xcode 3.1";
			hasScannedForEncodings = 1;
			mainGroup = 29B97314FDCFA39411CA2CEA /* AssetViewer */;
			projectDirPath = "";
			projectRoot = "";
			targets = (
				8D1107260486CEB800E47090 /* MocoViewer */,
			);
		};
/* End PBXProject section */

/* Begin PBXResourcesBuildPhase section */
		8D1107290486CEB800E47090 /* Resources */ = {
			isa = PBXResourcesBuildPhase;
			buildActionMask = 2147483647;
			files = (
				8D11072B0486CEB800E47090 /* InfoPlist.strings in Resources */,
				1DDD58160DA1D0A300B32029 /* MainMenu.xib in Resources */,
				4ACB4E6B11E52C2A00584AA6 /* stdLightVertex.glsl in Resources */,
				4ACB4E6C11E52C3400584AA6 /* stdLightFragment.glsl in Resources */,
			);
			runOnlyForDeploymentPostprocessing = 0;
		};
/* End PBXResourcesBuildPhase section */

/* Begin PBXSourcesBuildPhase section */
		8D11072C0486CEB800E47090 /* Sources */ = {
			isa = PBXSourcesBuildPhase;
			buildActionMask = 2147483647;
			files = (
				8D11072D0486CEB800E47090 /* main.mm in Sources */,
				256AC3DA0F4B6AC300CF3369 /* AssetViewerAppDelegate.mm in Sources */,
				4A4995A711C0C24700ADB4BB /* AssetViewerOpenGLView.mm in Sources */,
				4A4995E811C0CDFB00ADB4BB /* MainMenuController.mm in Sources */,
				4A2000A711C190C600CDF3BA /* MDLReaderPolicy.cpp in Sources */,
				4AB861B411D27ED9009FD518 /* TagInfoController.m in Sources */,
				4AB6F74E11D549610005ECA4 /* InfoController.mm in Sources */,
				4ACB464311E3EA9800584AA6 /* AVOpenGLModel.mm in Sources */,
				4ACB4E3811E5220800584AA6 /* Shader.cpp in Sources */,
			);
			runOnlyForDeploymentPostprocessing = 0;
		};
/* End PBXSourcesBuildPhase section */

/* Begin PBXVariantGroup section */
		089C165CFE840E0CC02AAC07 /* InfoPlist.strings */ = {
			isa = PBXVariantGroup;
			children = (
				089C165DFE840E0CC02AAC07 /* English */,
			);
			name = InfoPlist.strings;
			sourceTree = "<group>";
		};
		1DDD58140DA1D0A300B32029 /* MainMenu.xib */ = {
			isa = PBXVariantGroup;
			children = (
				1DDD58150DA1D0A300B32029 /* English */,
			);
			name = MainMenu.xib;
			sourceTree = "<group>";
		};
/* End PBXVariantGroup section */

/* Begin XCBuildConfiguration section */
		C01FCF4B08A954540054247B /* Debug */ = {
			isa = XCBuildConfiguration;
			buildSettings = {
				ALWAYS_SEARCH_USER_PATHS = NO;
				COPY_PHASE_STRIP = NO;
				GCC_DYNAMIC_NO_PIC = NO;
				GCC_ENABLE_FIX_AND_CONTINUE = YES;
				GCC_MODEL_TUNING = G5;
				GCC_OPTIMIZATION_LEVEL = 0;
				GCC_PRECOMPILE_PREFIX_HEADER = YES;
				GCC_PREFIX_HEADER = MocoViewer_Prefix.pch;
				INFOPLIST_FILE = "MocoViewer-Info.plist";
				INSTALL_PATH = "$(HOME)/Applications";
				PRODUCT_NAME = MocoViewer;
			};
			name = Debug;
		};
		C01FCF4C08A954540054247B /* Release */ = {
			isa = XCBuildConfiguration;
			buildSettings = {
				ALWAYS_SEARCH_USER_PATHS = NO;
				DEBUG_INFORMATION_FORMAT = "dwarf-with-dsym";
				GCC_MODEL_TUNING = G5;
				GCC_PRECOMPILE_PREFIX_HEADER = YES;
				GCC_PREFIX_HEADER = MocoViewer_Prefix.pch;
				INFOPLIST_FILE = "MocoViewer-Info.plist";
				INSTALL_PATH = "$(HOME)/Applications";
				PRODUCT_NAME = MocoViewer;
			};
			name = Release;
		};
		C01FCF4F08A954540054247B /* Debug */ = {
			isa = XCBuildConfiguration;
			buildSettings = {
				ARCHS = "$(ARCHS_STANDARD_32_64_BIT)";
				GCC_C_LANGUAGE_STANDARD = gnu99;
				GCC_ENABLE_OBJC_GC = supported;
				GCC_OPTIMIZATION_LEVEL = 0;
				GCC_WARN_ABOUT_RETURN_TYPE = YES;
				GCC_WARN_UNUSED_VARIABLE = YES;
				ONLY_ACTIVE_ARCH = YES;
				PREBINDING = NO;
				SDKROOT = macosx10.6;
			};
			name = Debug;
		};
		C01FCF5008A954540054247B /* Release */ = {
			isa = XCBuildConfiguration;
			buildSettings = {
				ARCHS = "$(ARCHS_STANDARD_32_64_BIT)";
				GCC_C_LANGUAGE_STANDARD = gnu99;
				GCC_WARN_ABOUT_RETURN_TYPE = YES;
				GCC_WARN_UNUSED_VARIABLE = YES;
				PREBINDING = NO;
				SDKROOT = macosx10.6;
			};
			name = Release;
		};
/* End XCBuildConfiguration section */

/* Begin XCConfigurationList section */
		C01FCF4A08A954540054247B /* Build configuration list for PBXNativeTarget "MocoViewer" */ = {
			isa = XCConfigurationList;
			buildConfigurations = (
				C01FCF4B08A954540054247B /* Debug */,
				C01FCF4C08A954540054247B /* Release */,
			);
			defaultConfigurationIsVisible = 0;
			defaultConfigurationName = Release;
		};
		C01FCF4E08A954540054247B /* Build configuration list for PBXProject "MocoViewer" */ = {
			isa = XCConfigurationList;
			buildConfigurations = (
				C01FCF4F08A954540054247B /* Debug */,
				C01FCF5008A954540054247B /* Release */,
			);
			defaultConfigurationIsVisible = 0;
			defaultConfigurationName = Release;
		};
/* End XCConfigurationList section */
	};
	rootObject = 29B97313FDCFA39411CA2CEA /* Project object */;
}
